{
  "name": "nextjs-shop",
  "version": "0.1.0",
  "lockfileVersion": 3,
  "requires": true,
  "packages": {
    "": {
      "name": "nextjs-shop",
      "version": "0.1.0",
      "dependencies": {
        "next": "15.5.4",
        "react": "19.1.1",
        "react-dom": "19.1.1",
        "stripe": "18.5.0"
      }
    }
  }
}
